// !$*UTF8*$!
{
	archiveVersion = 1;
	classes = {
	};
	objectVersion = 55;
	objects = {

/* Begin PBXBuildFile section */
		312DC6FA27BB87AE006C7E60 /* Tests_iOS.swift in Sources */ = {isa = PBXBuildFile; fileRef = 312DC6F927BB87AE006C7E60 /* Tests_iOS.swift */; };
		312DC6FC27BB87AE006C7E60 /* Tests_iOSLaunchTests.swift in Sources */ = {isa = PBXBuildFile; fileRef = 312DC6FB27BB87AE006C7E60 /* Tests_iOSLaunchTests.swift */; };
		312DC70627BB87AE006C7E60 /* Tests_macOS.swift in Sources */ = {isa = PBXBuildFile; fileRef = 312DC70527BB87AE006C7E60 /* Tests_macOS.swift */; };
		312DC70827BB87AE006C7E60 /* Tests_macOSLaunchTests.swift in Sources */ = {isa = PBXBuildFile; fileRef = 312DC70727BB87AE006C7E60 /* Tests_macOSLaunchTests.swift */; };
		312DC70927BB87AE006C7E60 /* Q_AppApp.swift in Sources */ = {isa = PBXBuildFile; fileRef = 312DC6E127BB87AC006C7E60 /* Q_AppApp.swift */; };
		312DC70A27BB87AE006C7E60 /* Q_AppApp.swift in Sources */ = {isa = PBXBuildFile; fileRef = 312DC6E127BB87AC006C7E60 /* Q_AppApp.swift */; };
		312DC70B27BB87AE006C7E60 /* ContentView.swift in Sources */ = {isa = PBXBuildFile; fileRef = 312DC6E227BB87AC006C7E60 /* ContentView.swift */; };
		312DC70C27BB87AE006C7E60 /* ContentView.swift in Sources */ = {isa = PBXBuildFile; fileRef = 312DC6E227BB87AC006C7E60 /* ContentView.swift */; };
		312DC70D27BB87AE006C7E60 /* Assets.xcassets in Resources */ = {isa = PBXBuildFile; fileRef = 312DC6E327BB87AE006C7E60 /* Assets.xcassets */; };
		312DC70E27BB87AE006C7E60 /* Assets.xcassets in Resources */ = {isa = PBXBuildFile; fileRef = 312DC6E327BB87AE006C7E60 /* Assets.xcassets */; };
/* End PBXBuildFile section */

/* Begin PBXContainerItemProxy section */
		312DC6F627BB87AE006C7E60 /* PBXContainerItemProxy */ = {
			isa = PBXContainerItemProxy;
			containerPortal = 312DC6DC27BB87AC006C7E60 /* Project object */;
			proxyType = 1;
			remoteGlobalIDString = 312DC6E727BB87AE006C7E60;
			remoteInfo = "Q App (iOS)";
		};
		312DC70227BB87AE006C7E60 /* PBXContainerItemProxy */ = {
			isa = PBXContainerItemProxy;
			containerPortal = 312DC6DC27BB87AC006C7E60 /* Project object */;
			proxyType = 1;
			remoteGlobalIDString = 312DC6ED27BB87AE006C7E60;
			remoteInfo = "Q App (macOS)";
		};
/* End PBXContainerItemProxy section */

/* Begin PBXFileReference section */
		312DC6E127BB87AC006C7E60 /* Q_AppApp.swift */ = {isa = PBXFileReference; lastKnownFileType = sourcecode.swift; path = Q_AppApp.swift; sourceTree = "<group>"; };
		312DC6E227BB87AC006C7E60 /* ContentView.swift */ = {isa = PBXFileReference; lastKnownFileType = sourcecode.swift; path = ContentView.swift; sourceTree = "<group>"; };
		312DC6E327BB87AE006C7E60 /* Assets.xcassets */ = {isa = PBXFileReference; lastKnownFileType = folder.assetcatalog; path = Assets.xcassets; sourceTree = "<group>"; };
		312DC6E827BB87AE006C7E60 /* Q App.app */ = {isa = PBXFileReference; explicitFileType = wrapper.application; includeInIndex = 0; path = "Q App.app"; sourceTree = BUILT_PRODUCTS_DIR; };
		312DC6EE27BB87AE006C7E60 /* Q App.app */ = {isa = PBXFileReference; explicitFileType = wrapper.application; includeInIndex = 0; path = "Q App.app"; sourceTree = BUILT_PRODUCTS_DIR; };
		312DC6F027BB87AE006C7E60 /* macOS.entitlements */ = {isa = PBXFileReference; lastKnownFileType = text.plist.entitlements; path = macOS.entitlements; sourceTree = "<group>"; };
		312DC6F527BB87AE006C7E60 /* Tests iOS.xctest */ = {isa = PBXFileReference; explicitFileType = wrapper.cfbundle; includeInIndex = 0; path = "Tests iOS.xctest"; sourceTree = BUILT_PRODUCTS_DIR; };
		312DC6F927BB87AE006C7E60 /* Tests_iOS.swift */ = {isa = PBXFileReference; lastKnownFileType = sourcecode.swift; path = Tests_iOS.swift; sourceTree = "<group>"; };
		312DC6FB27BB87AE006C7E60 /* Tests_iOSLaunchTests.swift */ = {isa = PBXFileReference; lastKnownFileType = sourcecode.swift; path = Tests_iOSLaunchTests.swift; sourceTree = "<group>"; };
		312DC70127BB87AE006C7E60 /* Tests macOS.xctest */ = {isa = PBXFileReference; explicitFileType = wrapper.cfbundle; includeInIndex = 0; path = "Tests macOS.xctest"; sourceTree = BUILT_PRODUCTS_DIR; };
		312DC70527BB87AE006C7E60 /* Tests_macOS.swift */ = {isa = PBXFileReference; lastKnownFileType = sourcecode.swift; path = Tests_macOS.swift; sourceTree = "<group>"; };
		312DC70727BB87AE006C7E60 /* Tests_macOSLaunchTests.swift */ = {isa = PBXFileReference; lastKnownFileType = sourcecode.swift; path = Tests_macOSLaunchTests.swift; sourceTree = "<group>"; };
/* End PBXFileReference section */

/* Begin PBXFrameworksBuildPhase section */
		312DC6E527BB87AE006C7E60 /* Frameworks */ = {
			isa = PBXFrameworksBuildPhase;
			buildActionMask = 2147483647;
			files = (
			);
			runOnlyForDeploymentPostprocessing = 0;
		};
		312DC6EB27BB87AE006C7E60 /* Frameworks */ = {
			isa = PBXFrameworksBuildPhase;
			buildActionMask = 2147483647;
			files = (
			);
			runOnlyForDeploymentPostprocessing = 0;
		};
		312DC6F227BB87AE006C7E60 /* Frameworks */ = {
			isa = PBXFrameworksBuildPhase;
			buildActionMask = 2147483647;
			files = (
			);
			runOnlyForDeploymentPostprocessing = 0;
		};
		312DC6FE27BB87AE006C7E60 /* Frameworks */ = {
			isa = PBXFrameworksBuildPhase;
			buildActionMask = 2147483647;
			files = (
			);
			runOnlyForDeploymentPostprocessing = 0;
		};
/* End PBXFrameworksBuildPhase section */

/* Begin PBXGroup section */
		312DC6DB27BB87AC006C7E60 = {
			isa = PBXGroup;
			children = (
				312DC6E027BB87AC006C7E60 /* Shared */,
				312DC6EF27BB87AE006C7E60 /* macOS */,
				312DC6F827BB87AE006C7E60 /* Tests iOS */,
				312DC70427BB87AE006C7E60 /* Tests macOS */,
				312DC6E927BB87AE006C7E60 /* Products */,
			);
			sourceTree = "<group>";
		};
		312DC6E027BB87AC006C7E60 /* Shared */ = {
			isa = PBXGroup;
			children = (
				312DC6E127BB87AC006C7E60 /* Q_AppApp.swift */,
				312DC6E227BB87AC006C7E60 /* ContentView.swift */,
				312DC6E327BB87AE006C7E60 /* Assets.xcassets */,
			);
			path = Shared;
			sourceTree = "<group>";
		};
		312DC6E927BB87AE006C7E60 /* Products */ = {
			isa = PBXGroup;
			children = (
				312DC6E827BB87AE006C7E60 /* Q App.app */,
				312DC6EE27BB87AE006C7E60 /* Q App.app */,
				312DC6F527BB87AE006C7E60 /* Tests iOS.xctest */,
				312DC70127BB87AE006C7E60 /* Tests macOS.xctest */,
			);
			name = Products;
			sourceTree = "<group>";
		};
		312DC6EF27BB87AE006C7E60 /* macOS */ = {
			isa = PBXGroup;
			children = (
				312DC6F027BB87AE006C7E60 /* macOS.entitlements */,
			);
			path = macOS;
			sourceTree = "<group>";
		};
		312DC6F827BB87AE006C7E60 /* Tests iOS */ = {
			isa = PBXGroup;
			children = (
				312DC6F927BB87AE006C7E60 /* Tests_iOS.swift */,
				312DC6FB27BB87AE006C7E60 /* Tests_iOSLaunchTests.swift */,
			);
			path = "Tests iOS";
			sourceTree = "<group>";
		};
		312DC70427BB87AE006C7E60 /* Tests macOS */ = {
			isa = PBXGroup;
			children = (
				312DC70527BB87AE006C7E60 /* Tests_macOS.swift */,
				312DC70727BB87AE006C7E60 /* Tests_macOSLaunchTests.swift */,
			);
			path = "Tests macOS";
			sourceTree = "<group>";
		};
/* End PBXGroup section */

/* Begin PBXNativeTarget section */
		312DC6E727BB87AE006C7E60 /* Q App (iOS) */ = {
			isa = PBXNativeTarget;
			buildConfigurationList = 312DC71127BB87AE006C7E60 /* Build configuration list for PBXNativeTarget "Q App (iOS)" */;
			buildPhases = (
				312DC6E427BB87AE006C7E60 /* Sources */,
				312DC6E527BB87AE006C7E60 /* Frameworks */,
				312DC6E627BB87AE006C7E60 /* Resources */,
			);
			buildRules = (
			);
			dependencies = (
			);
			name = "Q App (iOS)";
			productName = "Q App (iOS)";
			productReference = 312DC6E827BB87AE006C7E60 /* Q App.app */;
			productType = "com.apple.product-type.application";
		};
		312DC6ED27BB87AE006C7E60 /* Q App (macOS) */ = {
			isa = PBXNativeTarget;
			buildConfigurationList = 312DC71427BB87AE006C7E60 /* Build configuration list for PBXNativeTarget "Q App (macOS)" */;
			buildPhases = (
				312DC6EA27BB87AE006C7E60 /* Sources */,
				312DC6EB27BB87AE006C7E60 /* Frameworks */,
				312DC6EC27BB87AE006C7E60 /* Resources */,
			);
			buildRules = (
			);
			dependencies = (
			);
			name = "Q App (macOS)";
			productName = "Q App (macOS)";
			productReference = 312DC6EE27BB87AE006C7E60 /* Q App.app */;
			productType = "com.apple.product-type.application";
		};
		312DC6F427BB87AE006C7E60 /* Tests iOS */ = {
			isa = PBXNativeTarget;
			buildConfigurationList = 312DC71727BB87AE006C7E60 /* Build configuration list for PBXNativeTarget "Tests iOS" */;
			buildPhases = (
				312DC6F127BB87AE006C7E60 /* Sources */,
				312DC6F227BB87AE006C7E60 /* Frameworks */,
				312DC6F327BB87AE006C7E60 /* Resources */,
			);
			buildRules = (
			);
			dependencies = (
				312DC6F727BB87AE006C7E60 /* PBXTargetDependency */,
			);
			name = "Tests iOS";
			productName = "Tests iOS";
			productReference = 312DC6F527BB87AE006C7E60 /* Tests iOS.xctest */;
			productType = "com.apple.product-type.bundle.ui-testing";
		};
		312DC70027BB87AE006C7E60 /* Tests macOS */ = {
			isa = PBXNativeTarget;
			buildConfigurationList = 312DC71A27BB87AE006C7E60 /* Build configuration list for PBXNativeTarget "Tests macOS" */;
			buildPhases = (
				312DC6FD27BB87AE006C7E60 /* Sources */,
				312DC6FE27BB87AE006C7E60 /* Frameworks */,
				312DC6FF27BB87AE006C7E60 /* Resources */,
			);
			buildRules = (
			);
			dependencies = (
				312DC70327BB87AE006C7E60 /* PBXTargetDependency */,
			);
			name = "Tests macOS";
			productName = "Tests macOS";
			productReference = 312DC70127BB87AE006C7E60 /* Tests macOS.xctest */;
			productType = "com.apple.product-type.bundle.ui-testing";
		};
/* End PBXNativeTarget section */

/* Begin PBXProject section */
		312DC6DC27BB87AC006C7E60 /* Project object */ = {
			isa = PBXProject;
			attributes = {
				BuildIndependentTargetsInParallel = 1;
				LastSwiftUpdateCheck = 1320;
				LastUpgradeCheck = 1320;
				TargetAttributes = {
					312DC6E727BB87AE006C7E60 = {
						CreatedOnToolsVersion = 13.2.1;
					};
					312DC6ED27BB87AE006C7E60 = {
						CreatedOnToolsVersion = 13.2.1;
					};
					312DC6F427BB87AE006C7E60 = {
						CreatedOnToolsVersion = 13.2.1;
						TestTargetID = 312DC6E727BB87AE006C7E60;
					};
					312DC70027BB87AE006C7E60 = {
						CreatedOnToolsVersion = 13.2.1;
						TestTargetID = 312DC6ED27BB87AE006C7E60;
					};
				};
			};
			buildConfigurationList = 312DC6DF27BB87AC006C7E60 /* Build configuration list for PBXProject "Q App" */;
			compatibilityVersion = "Xcode 13.0";
			developmentRegion = en;
			hasScannedForEncodings = 0;
			knownRegions = (
				en,
				Base,
			);
			mainGroup = 312DC6DB27BB87AC006C7E60;
			productRefGroup = 312DC6E927BB87AE006C7E60 /* Products */;
			projectDirPath = "";
			projectRoot = "";
			targets = (
				312DC6E727BB87AE006C7E60 /* Q App (iOS) */,
				312DC6ED27BB87AE006C7E60 /* Q App (macOS) */,
				312DC6F427BB87AE006C7E60 /* Tests iOS */,
				312DC70027BB87AE006C7E60 /* Tests macOS */,
			);
		};
/* End PBXProject section */

/* Begin PBXResourcesBuildPhase section */
		312DC6E627BB87AE006C7E60 /* Resources */ = {
			isa = PBXResourcesBuildPhase;
			buildActionMask = 2147483647;
			files = (
				312DC70D27BB87AE006C7E60 /* Assets.xcassets in Resources */,
			);
			runOnlyForDeploymentPostprocessing = 0;
		};
		312DC6EC27BB87AE006C7E60 /* Resources */ = {
			isa = PBXResourcesBuildPhase;
			buildActionMask = 2147483647;
			files = (
				312DC70E27BB87AE006C7E60 /* Assets.xcassets in Resources */,
			);
			runOnlyForDeploymentPostprocessing = 0;
		};
		312DC6F327BB87AE006C7E60 /* Resources */ = {
			isa = PBXResourcesBuildPhase;
			buildActionMask = 2147483647;
			files = (
			);
			runOnlyForDeploymentPostprocessing = 0;
		};
		312DC6FF27BB87AE006C7E60 /* Resources */ = {
			isa = PBXResourcesBuildPhase;
			buildActionMask = 2147483647;
			files = (
			);
			runOnlyForDeploymentPostprocessing = 0;
		};
/* End PBXResourcesBuildPhase section */

/* Begin PBXSourcesBuildPhase section */
		312DC6E427BB87AE006C7E60 /* Sources */ = {
			isa = PBXSourcesBuildPhase;
			buildActionMask = 2147483647;
			files = (
				312DC70B27BB87AE006C7E60 /* ContentView.swift in Sources */,
				312DC70927BB87AE006C7E60 /* Q_AppApp.swift in Sources */,
			);
			runOnlyForDeploymentPostprocessing = 0;
		};
		312DC6EA27BB87AE006C7E60 /* Sources */ = {
			isa = PBXSourcesBuildPhase;
			buildActionMask = 2147483647;
			files = (
				312DC70C27BB87AE006C7E60 /* ContentView.swift in Sources */,
				312DC70A27BB87AE006C7E60 /* Q_AppApp.swift in Sources */,
			);
			runOnlyForDeploymentPostprocessing = 0;
		};
		312DC6F127BB87AE006C7E60 /* Sources */ = {
			isa = PBXSourcesBuildPhase;
			buildActionMask = 2147483647;
			files = (
				312DC6FC27BB87AE006C7E60 /* Tests_iOSLaunchTests.swift in Sources */,
				312DC6FA27BB87AE006C7E60 /* Tests_iOS.swift in Sources */,
			);
			runOnlyForDeploymentPostprocessing = 0;
		};
		312DC6FD27BB87AE006C7E60 /* Sources */ = {
			isa = PBXSourcesBuildPhase;
			buildActionMask = 2147483647;
			files = (
				312DC70827BB87AE006C7E60 /* Tests_macOSLaunchTests.swift in Sources */,
				312DC70627BB87AE006C7E60 /* Tests_macOS.swift in Sources */,
			);
			runOnlyForDeploymentPostprocessing = 0;
		};
/* End PBXSourcesBuildPhase section */

/* Begin PBXTargetDependency section */
		312DC6F727BB87AE006C7E60 /* PBXTargetDependency */ = {
			isa = PBXTargetDependency;
			target = 312DC6E727BB87AE006C7E60 /* Q App (iOS) */;
			targetProxy = 312DC6F627BB87AE006C7E60 /* PBXContainerItemProxy */;
		};
		312DC70327BB87AE006C7E60 /* PBXTargetDependency */ = {
			isa = PBXTargetDependency;
			target = 312DC6ED27BB87AE006C7E60 /* Q App (macOS) */;
			targetProxy = 312DC70227BB87AE006C7E60 /* PBXContainerItemProxy */;
		};
/* End PBXTargetDependency section */

/* Begin XCBuildConfiguration section */
		312DC70F27BB87AE006C7E60 /* Debug */ = {
			isa = XCBuildConfiguration;
			buildSettings = {
				ALWAYS_SEARCH_USER_PATHS = NO;
				CLANG_ANALYZER_NONNULL = YES;
				CLANG_ANALYZER_NUMBER_OBJECT_CONVERSION = YES_AGGRESSIVE;
				CLANG_CXX_LANGUAGE_STANDARD = "gnu++17";
				CLANG_CXX_LIBRARY = "libc++";
				CLANG_ENABLE_MODULES = YES;
				CLANG_ENABLE_OBJC_ARC = YES;
				CLANG_ENABLE_OBJC_WEAK = YES;
				CLANG_WARN_BLOCK_CAPTURE_AUTORELEASING = YES;
				CLANG_WARN_BOOL_CONVERSION = YES;
				CLANG_WARN_COMMA = YES;
				CLANG_WARN_CONSTANT_CONVERSION = YES;
				CLANG_WARN_DEPRECATED_OBJC_IMPLEMENTATIONS = YES;
				CLANG_WARN_DIRECT_OBJC_ISA_USAGE = YES_ERROR;
				CLANG_WARN_DOCUMENTATION_COMMENTS = YES;
				CLANG_WARN_EMPTY_BODY = YES;
				CLANG_WARN_ENUM_CONVERSION = YES;
				CLANG_WARN_INFINITE_RECURSION = YES;
				CLANG_WARN_INT_CONVERSION = YES;
				CLANG_WARN_NON_LITERAL_NULL_CONVERSION = YES;
				CLANG_WARN_OBJC_IMPLICIT_RETAIN_SELF = YES;
				CLANG_WARN_OBJC_LITERAL_CONVERSION = YES;
				CLANG_WARN_OBJC_ROOT_CLASS = YES_ERROR;
				CLANG_WARN_QUOTED_INCLUDE_IN_FRAMEWORK_HEADER = YES;
				CLANG_WARN_RANGE_LOOP_ANALYSIS = YES;
				CLANG_WARN_STRICT_PROTOTYPES = YES;
				CLANG_WARN_SUSPICIOUS_MOVE = YES;
				CLANG_WARN_UNGUARDED_AVAILABILITY = YES_AGGRESSIVE;
				CLANG_WARN_UNREACHABLE_CODE = YES;
				CLANG_WARN__DUPLICATE_METHOD_MATCH = YES;
				COPY_PHASE_STRIP = NO;
				DEBUG_INFORMATION_FORMAT = dwarf;
				ENABLE_STRICT_OBJC_MSGSEND = YES;
				ENABLE_TESTABILITY = YES;
				GCC_C_LANGUAGE_STANDARD = gnu11;
				GCC_DYNAMIC_NO_PIC = NO;
				GCC_NO_COMMON_BLOCKS = YES;
				GCC_OPTIMIZATION_LEVEL = 0;
				GCC_PREPROCESSOR_DEFINITIONS = (
					"DEBUG=1",
					"$(inherited)",
				);
				GCC_WARN_64_TO_32_BIT_CONVERSION = YES;
				GCC_WARN_ABOUT_RETURN_TYPE = YES_ERROR;
				GCC_WARN_UNDECLARED_SELECTOR = YES;
				GCC_WARN_UNINITIALIZED_AUTOS = YES_AGGRESSIVE;
				GCC_WARN_UNUSED_FUNCTION = YES;
				GCC_WARN_UNUSED_VARIABLE = YES;
				MTL_ENABLE_DEBUG_INFO = INCLUDE_SOURCE;
				MTL_FAST_MATH = YES;
				ONLY_ACTIVE_ARCH = YES;
				SWIFT_ACTIVE_COMPILATION_CONDITIONS = DEBUG;
				SWIFT_OPTIMIZATION_LEVEL = "-Onone";
			};
			name = Debug;
		};
		312DC71027BB87AE006C7E60 /* Release */ = {
			isa = XCBuildConfiguration;
			buildSettings = {
				ALWAYS_SEARCH_USER_PATHS = NO;
				CLANG_ANALYZER_NONNULL = YES;
				CLANG_ANALYZER_NUMBER_OBJECT_CONVERSION = YES_AGGRESSIVE;
				CLANG_CXX_LANGUAGE_STANDARD = "gnu++17";
				CLANG_CXX_LIBRARY = "libc++";
				CLANG_ENABLE_MODULES = YES;
				CLANG_ENABLE_OBJC_ARC = YES;
				CLANG_ENABLE_OBJC_WEAK = YES;
				CLANG_WARN_BLOCK_CAPTURE_AUTORELEASING = YES;
				CLANG_WARN_BOOL_CONVERSION = YES;
				CLANG_WARN_COMMA = YES;
				CLANG_WARN_CONSTANT_CONVERSION = YES;
				CLANG_WARN_DEPRECATED_OBJC_IMPLEMENTATIONS = YES;
				CLANG_WARN_DIRECT_OBJC_ISA_USAGE = YES_ERROR;
				CLANG_WARN_DOCUMENTATION_COMMENTS = YES;
				CLANG_WARN_EMPTY_BODY = YES;
				CLANG_WARN_ENUM_CONVERSION = YES;
				CLANG_WARN_INFINITE_RECURSION = YES;
				CLANG_WARN_INT_CONVERSION = YES;
				CLANG_WARN_NON_LITERAL_NULL_CONVERSION = YES;
				CLANG_WARN_OBJC_IMPLICIT_RETAIN_SELF = YES;
				CLANG_WARN_OBJC_LITERAL_CONVERSION = YES;
				CLANG_WARN_OBJC_ROOT_CLASS = YES_ERROR;
				CLANG_WARN_QUOTED_INCLUDE_IN_FRAMEWORK_HEADER = YES;
				CLANG_WARN_RANGE_LOOP_ANALYSIS = YES;
				CLANG_WARN_STRICT_PROTOTYPES = YES;
				CLANG_WARN_SUSPICIOUS_MOVE = YES;
				CLANG_WARN_UNGUARDED_AVAILABILITY = YES_AGGRESSIVE;
				CLANG_WARN_UNREACHABLE_CODE = YES;
				CLANG_WARN__DUPLICATE_METHOD_MATCH = YES;
				COPY_PHASE_STRIP = NO;
				DEBUG_INFORMATION_FORMAT = "dwarf-with-dsym";
				ENABLE_NS_ASSERTIONS = NO;
				ENABLE_STRICT_OBJC_MSGSEND = YES;
				GCC_C_LANGUAGE_STANDARD = gnu11;
				GCC_NO_COMMON_BLOCKS = YES;
				GCC_WARN_64_TO_32_BIT_CONVERSION = YES;
				GCC_WARN_ABOUT_RETURN_TYPE = YES_ERROR;
				GCC_WARN_UNDECLARED_SELECTOR = YES;
				GCC_WARN_UNINITIALIZED_AUTOS = YES_AGGRESSIVE;
				GCC_WARN_UNUSED_FUNCTION = YES;
				GCC_WARN_UNUSED_VARIABLE = YES;
				MTL_ENABLE_DEBUG_INFO = NO;
				MTL_FAST_MATH = YES;
				SWIFT_COMPILATION_MODE = wholemodule;
				SWIFT_OPTIMIZATION_LEVEL = "-O";
			};
			name = Release;
		};
		312DC71227BB87AE006C7E60 /* Debug */ = {
			isa = XCBuildConfiguration;
			buildSettings = {
				ASSETCATALOG_COMPILER_APPICON_NAME = AppIcon;
				ASSETCATALOG_COMPILER_GLOBAL_ACCENT_COLOR_NAME = AccentColor;
				CODE_SIGN_STYLE = Automatic;
				CURRENT_PROJECT_VERSION = 1;
				DEVELOPMENT_TEAM = M8XYHCKRG6;
				ENABLE_PREVIEWS = YES;
				GENERATE_INFOPLIST_FILE = YES;
				INFOPLIST_KEY_UIApplicationSceneManifest_Generation = YES;
				INFOPLIST_KEY_UIApplicationSupportsIndirectInputEvents = YES;
				INFOPLIST_KEY_UILaunchScreen_Generation = YES;
				INFOPLIST_KEY_UISupportedInterfaceOrientations_iPad = "UIInterfaceOrientationPortrait UIInterfaceOrientationPortraitUpsideDown UIInterfaceOrientationLandscapeLeft UIInterfaceOrientationLandscapeRight";
				INFOPLIST_KEY_UISupportedInterfaceOrientations_iPhone = "UIInterfaceOrientationPortrait UIInterfaceOrientationLandscapeLeft UIInterfaceOrientationLandscapeRight";
				IPHONEOS_DEPLOYMENT_TARGET = 15.2;
				LD_RUNPATH_SEARCH_PATHS = (
					"$(inherited)",
					"@executable_path/Frameworks",
				);
				MARKETING_VERSION = 1.0;
				PRODUCT_BUNDLE_IDENTIFIER = "Project-Q.Q-App";
				PRODUCT_NAME = "Q App";
				SDKROOT = iphoneos;
				SWIFT_EMIT_LOC_STRINGS = YES;
				SWIFT_VERSION = 5.0;
				TARGETED_DEVICE_FAMILY = "1,2";
			};
			name = Debug;
		};
		312DC71327BB87AE006C7E60 /* Release */ = {
			isa = XCBuildConfiguration;
			buildSettings = {
				ASSETCATALOG_COMPILER_APPICON_NAME = AppIcon;
				ASSETCATALOG_COMPILER_GLOBAL_ACCENT_COLOR_NAME = AccentColor;
				CODE_SIGN_STYLE = Automatic;
				CURRENT_PROJECT_VERSION = 1;
				DEVELOPMENT_TEAM = M8XYHCKRG6;
				ENABLE_PREVIEWS = YES;
				GENERATE_INFOPLIST_FILE = YES;
				INFOPLIST_KEY_UIApplicationSceneManifest_Generation = YES;
				INFOPLIST_KEY_UIApplicationSupportsIndirectInputEvents = YES;
				INFOPLIST_KEY_UILaunchScreen_Generation = YES;
				INFOPLIST_KEY_UISupportedInterfaceOrientations_iPad = "UIInterfaceOrientationPortrait UIInterfaceOrientationPortraitUpsideDown UIInterfaceOrientationLandscapeLeft UIInterfaceOrientationLandscapeRight";
				INFOPLIST_KEY_UISupportedInterfaceOrientations_iPhone = "UIInterfaceOrientationPortrait UIInterfaceOrientationLandscapeLeft UIInterfaceOrientationLandscapeRight";
				IPHONEOS_DEPLOYMENT_TARGET = 15.2;
				LD_RUNPATH_SEARCH_PATHS = (
					"$(inherited)",
					"@executable_path/Frameworks",
				);
				MARKETING_VERSION = 1.0;
				PRODUCT_BUNDLE_IDENTIFIER = "Project-Q.Q-App";
				PRODUCT_NAME = "Q App";
				SDKROOT = iphoneos;
				SWIFT_EMIT_LOC_STRINGS = YES;
				SWIFT_VERSION = 5.0;
				TARGETED_DEVICE_FAMILY = "1,2";
				VALIDATE_PRODUCT = YES;
			};
			name = Release;
		};
		312DC71527BB87AE006C7E60 /* Debug */ = {
			isa = XCBuildConfiguration;
			buildSettings = {
				ASSETCATALOG_COMPILER_APPICON_NAME = AppIcon;
				ASSETCATALOG_COMPILER_GLOBAL_ACCENT_COLOR_NAME = AccentColor;
				CODE_SIGN_ENTITLEMENTS = macOS/macOS.entitlements;
				CODE_SIGN_STYLE = Automatic;
				COMBINE_HIDPI_IMAGES = YES;
				CURRENT_PROJECT_VERSION = 1;
				DEVELOPMENT_TEAM = M8XYHCKRG6;
				ENABLE_HARDENED_RUNTIME = YES;
				ENABLE_PREVIEWS = YES;
				GENERATE_INFOPLIST_FILE = YES;
				INFOPLIST_KEY_NSHumanReadableCopyright = "";
				LD_RUNPATH_SEARCH_PATHS = (
					"$(inherited)",
					"@executable_path/../Frameworks",
				);
				MACOSX_DEPLOYMENT_TARGET = 12.1;
				MARKETING_VERSION = 1.0;
				PRODUCT_BUNDLE_IDENTIFIER = "Project-Q.Q-App";
				PRODUCT_NAME = "Q App";
				SDKROOT = macosx;
				SWIFT_EMIT_LOC_STRINGS = YES;
				SWIFT_VERSION = 5.0;
			};
			name = Debug;
		};
		312DC71627BB87AE006C7E60 /* Release */ = {
			isa = XCBuildConfiguration;
			buildSettings = {
				ASSETCATALOG_COMPILER_APPICON_NAME = AppIcon;
				ASSETCATALOG_COMPILER_GLOBAL_ACCENT_COLOR_NAME = AccentColor;
				CODE_SIGN_ENTITLEMENTS = macOS/macOS.entitlements;
				CODE_SIGN_STYLE = Automatic;
				COMBINE_HIDPI_IMAGES = YES;
				CURRENT_PROJECT_VERSION = 1;
				DEVELOPMENT_TEAM = M8XYHCKRG6;
				ENABLE_HARDENED_RUNTIME = YES;
				ENABLE_PREVIEWS = YES;
				GENERATE_INFOPLIST_FILE = YES;
				INFOPLIST_KEY_NSHumanReadableCopyright = "";
				LD_RUNPATH_SEARCH_PATHS = (
					"$(inherited)",
					"@executable_path/../Frameworks",
				);
				MACOSX_DEPLOYMENT_TARGET = 12.1;
				MARKETING_VERSION = 1.0;
				PRODUCT_BUNDLE_IDENTIFIER = "Project-Q.Q-App";
				PRODUCT_NAME = "Q App";
				SDKROOT = macosx;
				SWIFT_EMIT_LOC_STRINGS = YES;
				SWIFT_VERSION = 5.0;
			};
			name = Release;
		};
		312DC71827BB87AE006C7E60 /* Debug */ = {
			isa = XCBuildConfiguration;
			buildSettings = {
				ALWAYS_EMBED_SWIFT_STANDARD_LIBRARIES = YES;
				CODE_SIGN_STYLE = Automatic;
				CURRENT_PROJECT_VERSION = 1;
				DEVELOPMENT_TEAM = M8XYHCKRG6;
				GENERATE_INFOPLIST_FILE = YES;
				IPHONEOS_DEPLOYMENT_TARGET = 15.2;
				MARKETING_VERSION = 1.0;
				PRODUCT_BUNDLE_IDENTIFIER = "Project-Q.Tests-iOS";
				PRODUCT_NAME = "$(TARGET_NAME)";
				SDKROOT = iphoneos;
				SWIFT_EMIT_LOC_STRINGS = NO;
				SWIFT_VERSION = 5.0;
				TARGETED_DEVICE_FAMILY = "1,2";
				TEST_TARGET_NAME = "Q App (iOS)";
			};
			name = Debug;
		};
		312DC71927BB87AE006C7E60 /* Release */ = {
			isa = XCBuildConfiguration;
			buildSettings = {
				ALWAYS_EMBED_SWIFT_STANDARD_LIBRARIES = YES;
				CODE_SIGN_STYLE = Automatic;
				CURRENT_PROJECT_VERSION = 1;
				DEVELOPMENT_TEAM = M8XYHCKRG6;
				GENERATE_INFOPLIST_FILE = YES;
				IPHONEOS_DEPLOYMENT_TARGET = 15.2;
				MARKETING_VERSION = 1.0;
				PRODUCT_BUNDLE_IDENTIFIER = "Project-Q.Tests-iOS";
				PRODUCT_NAME = "$(TARGET_NAME)";
				SDKROOT = iphoneos;
				SWIFT_EMIT_LOC_STRINGS = NO;
				SWIFT_VERSION = 5.0;
				TARGETED_DEVICE_FAMILY = "1,2";
				TEST_TARGET_NAME = "Q App (iOS)";
				VALIDATE_PRODUCT = YES;
			};
			name = Release;
		};
		312DC71B27BB87AE006C7E60 /* Debug */ = {
			isa = XCBuildConfiguration;
			buildSettings = {
				ALWAYS_EMBED_SWIFT_STANDARD_LIBRARIES = YES;
				CODE_SIGN_STYLE = Automatic;
				CURRENT_PROJECT_VERSION = 1;
				DEVELOPMENT_TEAM = M8XYHCKRG6;
				GENERATE_INFOPLIST_FILE = YES;
				MACOSX_DEPLOYMENT_TARGET = 12.1;
				MARKETING_VERSION = 1.0;
				PRODUCT_BUNDLE_IDENTIFIER = "Project-Q.Tests-macOS";
				PRODUCT_NAME = "$(TARGET_NAME)";
				SDKROOT = macosx;
				SWIFT_EMIT_LOC_STRINGS = NO;
				SWIFT_VERSION = 5.0;
				TEST_TARGET_NAME = "Q App (macOS)";
			};
			name = Debug;
		};
		312DC71C27BB87AE006C7E60 /* Release */ = {
			isa = XCBuildConfiguration;
			buildSettings = {
				ALWAYS_EMBED_SWIFT_STANDARD_LIBRARIES = YES;
				CODE_SIGN_STYLE = Automatic;
				CURRENT_PROJECT_VERSION = 1;
				DEVELOPMENT_TEAM = M8XYHCKRG6;
				GENERATE_INFOPLIST_FILE = YES;
				MACOSX_DEPLOYMENT_TARGET = 12.1;
				MARKETING_VERSION = 1.0;
				PRODUCT_BUNDLE_IDENTIFIER = "Project-Q.Tests-macOS";
				PRODUCT_NAME = "$(TARGET_NAME)";
				SDKROOT = macosx;
				SWIFT_EMIT_LOC_STRINGS = NO;
				SWIFT_VERSION = 5.0;
				TEST_TARGET_NAME = "Q App (macOS)";
			};
			name = Release;
		};
/* End XCBuildConfiguration section */

/* Begin XCConfigurationList section */
		312DC6DF27BB87AC006C7E60 /* Build configuration list for PBXProject "Q App" */ = {
			isa = XCConfigurationList;
			buildConfigurations = (
				312DC70F27BB87AE006C7E60 /* Debug */,
				312DC71027BB87AE006C7E60 /* Release */,
			);
			defaultConfigurationIsVisible = 0;
			defaultConfigurationName = Release;
		};
		312DC71127BB87AE006C7E60 /* Build configuration list for PBXNativeTarget "Q App (iOS)" */ = {
			isa = XCConfigurationList;
			buildConfigurations = (
				312DC71227BB87AE006C7E60 /* Debug */,
				312DC71327BB87AE006C7E60 /* Release */,
			);
			defaultConfigurationIsVisible = 0;
			defaultConfigurationName = Release;
		};
		312DC71427BB87AE006C7E60 /* Build configuration list for PBXNativeTarget "Q App (macOS)" */ = {
			isa = XCConfigurationList;
			buildConfigurations = (
				312DC71527BB87AE006C7E60 /* Debug */,
				312DC71627BB87AE006C7E60 /* Release */,
			);
			defaultConfigurationIsVisible = 0;
			defaultConfigurationName = Release;
		};
		312DC71727BB87AE006C7E60 /* Build configuration list for PBXNativeTarget "Tests iOS" */ = {
			isa = XCConfigurationList;
			buildConfigurations = (
				312DC71827BB87AE006C7E60 /* Debug */,
				312DC71927BB87AE006C7E60 /* Release */,
			);
			defaultConfigurationIsVisible = 0;
			defaultConfigurationName = Release;
		};
		312DC71A27BB87AE006C7E60 /* Build configuration list for PBXNativeTarget "Tests macOS" */ = {
			isa = XCConfigurationList;
			buildConfigurations = (
				312DC71B27BB87AE006C7E60 /* Debug */,
				312DC71C27BB87AE006C7E60 /* Release */,
			);
			defaultConfigurationIsVisible = 0;
			defaultConfigurationName = Release;
		};
/* End XCConfigurationList section */
	};
	rootObject = 312DC6DC27BB87AC006C7E60 /* Project object */;
}
